
Microsoft Visual Studio Solution File, Format Version 12.00
# Visual Studio Version 17
VisualStudioVersion = 17.1.32421.90
MinimumVisualStudioVersion = 10.0.40219.1
Project("{FAE04EC0-301F-11D3-BF4B-00C04F79EFBC}") = "JeremyAnsel.Xwa.Opt", "JeremyAnsel.Xwa.Opt\JeremyAnsel.Xwa.Opt.csproj", "{877D5ABB-D82A-44C3-BA22-13554AFB0688}"
EndProject
Project("{FAE04EC0-301F-11D3-BF4B-00C04F79EFBC}") = "Documentation", "Documentation\Documentation.csproj", "{B5D48878-298A-499F-987F-C740E3F27A0F}"
	ProjectSection(ProjectDependencies) = postProject
		{877D5ABB-D82A-44C3-BA22-13554AFB0688} = {877D5ABB-D82A-44C3-BA22-13554AFB0688}
	EndProjectSection
EndProject
Global
	GlobalSection(SolutionConfigurationPlatforms) = preSolution
		Debug|Any CPU = Debug|Any CPU
		Release|Any CPU = Release|Any CPU
	EndGlobalSection
	GlobalSection(ProjectConfigurationPlatforms) = postSolution
		{877D5ABB-D82A-44C3-BA22-13554AFB0688}.Debug|Any CPU.ActiveCfg = Debug|Any CPU
		{877D5ABB-D82A-44C3-BA22-13554AFB0688}.Debug|Any CPU.Build.0 = Debug|Any CPU
		{877D5ABB-D82A-44C3-BA22-13554AFB0688}.Release|Any CPU.ActiveCfg = Release|Any CPU
		{877D5ABB-D82A-44C3-BA22-13554AFB0688}.Release|Any CPU.Build.0 = Release|Any CPU
		{B5D48878-298A-499F-987F-C740E3F27A0F}.Debug|Any CPU.ActiveCfg = Debug|Any CPU
		{B5D48878-298A-499F-987F-C740E3F27A0F}.Release|Any CPU.ActiveCfg = Release|Any CPU
		{B5D48878-298A-499F-987F-C740E3F27A0F}.Release|Any CPU.Build.0 = Release|Any CPU
	EndGlobalSection
	GlobalSection(SolutionProperties) = preSolution
		HideSolutionNode = FALSE
	EndGlobalSection
	GlobalSection(ExtensibilityGlobals) = postSolution
		SolutionGuid = {DF2430CB-5174-4A14-B571-6899ADCAA604}
	EndGlobalSection
EndGlobal
